
Microsoft Visual Studio Solution File, Format Version 12.00
# Visual Studio 14
VisualStudioVersion = 14.0.25123.0
MinimumVisualStudioVersion = 10.0.40219.1
Project("{FAE04EC0-301F-11D3-BF4B-00C04F79EFBC}") = "RetailApplicationBackendDemo", "RetailApplicationBackendDemo\RetailApplicationBackendDemo.csproj", "{AA91738D-C298-4188-9B9B-CFF5E9BE6C82}"
EndProject
Project("{FAE04EC0-301F-11D3-BF4B-00C04F79EFBC}") = "RetailApplicationBackendDemoTests", "RetailApplicationBackendDemoTests\RetailApplicationBackendDemoTests.csproj", "{FE56E0A8-3626-4C6D-97A9-52ADBBFEDF1E}"
EndProject
Global
	GlobalSection(SolutionConfigurationPlatforms) = preSolution
		Debug|Any CPU = Debug|Any CPU
		Release|Any CPU = Release|Any CPU
	EndGlobalSection
	GlobalSection(ProjectConfigurationPlatforms) = postSolution
		{AA91738D-C298-4188-9B9B-CFF5E9BE6C82}.Debug|Any CPU.ActiveCfg = Debug|Any CPU
		{AA91738D-C298-4188-9B9B-CFF5E9BE6C82}.Debug|Any CPU.Build.0 = Debug|Any CPU
		{AA91738D-C298-4188-9B9B-CFF5E9BE6C82}.Release|Any CPU.ActiveCfg = Release|Any CPU
		{AA91738D-C298-4188-9B9B-CFF5E9BE6C82}.Release|Any CPU.Build.0 = Release|Any CPU
		{FE56E0A8-3626-4C6D-97A9-52ADBBFEDF1E}.Debug|Any CPU.ActiveCfg = Debug|Any CPU
		{FE56E0A8-3626-4C6D-97A9-52ADBBFEDF1E}.Debug|Any CPU.Build.0 = Debug|Any CPU
		{FE56E0A8-3626-4C6D-97A9-52ADBBFEDF1E}.Release|Any CPU.ActiveCfg = Release|Any CPU
		{FE56E0A8-3626-4C6D-97A9-52ADBBFEDF1E}.Release|Any CPU.Build.0 = Release|Any CPU
	EndGlobalSection
	GlobalSection(SolutionProperties) = preSolution
		HideSolutionNode = FALSE
	EndGlobalSection
EndGlobal
